
Microsoft Visual Studio Solution File, Format Version 10.00
# Visual Studio 2008
Project("{FAE04EC0-301F-11D3-BF4B-00C04F79EFBC}") = "DebugClear", "DebugClear\DebugClear.csproj", "{03CC793F-0359-4414-B793-7F668B7ABB8F}"
EndProject
Global
	GlobalSection(SolutionConfigurationPlatforms) = preSolution
		Debug|Any CPU = Debug|Any CPU
		Release|Any CPU = Release|Any CPU
	EndGlobalSection
	GlobalSection(ProjectConfigurationPlatforms) = postSolution
		{03CC793F-0359-4414-B793-7F668B7ABB8F}.Debug|Any CPU.ActiveCfg = Debug|Any CPU
		{03CC793F-0359-4414-B793-7F668B7ABB8F}.Debug|Any CPU.Build.0 = Debug|Any CPU
		{03CC793F-0359-4414-B793-7F668B7ABB8F}.Release|Any CPU.ActiveCfg = Release|Any CPU
		{03CC793F-0359-4414-B793-7F668B7ABB8F}.Release|Any CPU.Build.0 = Release|Any CPU
	EndGlobalSection
	GlobalSection(SolutionProperties) = preSolution
		HideSolutionNode = FALSE
	EndGlobalSection
EndGlobal
