
Microsoft Visual Studio Solution File, Format Version 10.00
# Visual Studio 2008
Project("{FAE04EC0-301F-11D3-BF4B-00C04F79EFBC}") = "WBMDemo", "WBMDemo\WBMDemo.csproj", "{C9B3E3F8-01AF-4B73-BD09-C148EB40BA90}"
EndProject
Project("{FAE04EC0-301F-11D3-BF4B-00C04F79EFBC}") = "WBMDemoModel", "WBMDemoModel\WBMDemoModel.csproj", "{38F84746-3B4D-4978-8D8C-BECE10254A1A}"
EndProject
Project("{FAE04EC0-301F-11D3-BF4B-00C04F79EFBC}") = "WBMDemoWinForm", "WBMDemoWinForm\WBMDemoWinForm.csproj", "{EA445F20-C3A3-4111-8BF7-5960F148693F}"
EndProject
Global
	GlobalSection(SolutionConfigurationPlatforms) = preSolution
		Debug|Any CPU = Debug|Any CPU
		Release|Any CPU = Release|Any CPU
	EndGlobalSection
	GlobalSection(ProjectConfigurationPlatforms) = postSolution
		{C9B3E3F8-01AF-4B73-BD09-C148EB40BA90}.Debug|Any CPU.ActiveCfg = Debug|Any CPU
		{C9B3E3F8-01AF-4B73-BD09-C148EB40BA90}.Debug|Any CPU.Build.0 = Debug|Any CPU
		{C9B3E3F8-01AF-4B73-BD09-C148EB40BA90}.Release|Any CPU.ActiveCfg = Release|Any CPU
		{C9B3E3F8-01AF-4B73-BD09-C148EB40BA90}.Release|Any CPU.Build.0 = Release|Any CPU
		{38F84746-3B4D-4978-8D8C-BECE10254A1A}.Debug|Any CPU.ActiveCfg = Debug|Any CPU
		{38F84746-3B4D-4978-8D8C-BECE10254A1A}.Debug|Any CPU.Build.0 = Debug|Any CPU
		{38F84746-3B4D-4978-8D8C-BECE10254A1A}.Release|Any CPU.ActiveCfg = Release|Any CPU
		{38F84746-3B4D-4978-8D8C-BECE10254A1A}.Release|Any CPU.Build.0 = Release|Any CPU
		{EA445F20-C3A3-4111-8BF7-5960F148693F}.Debug|Any CPU.ActiveCfg = Debug|Any CPU
		{EA445F20-C3A3-4111-8BF7-5960F148693F}.Debug|Any CPU.Build.0 = Debug|Any CPU
		{EA445F20-C3A3-4111-8BF7-5960F148693F}.Release|Any CPU.ActiveCfg = Release|Any CPU
		{EA445F20-C3A3-4111-8BF7-5960F148693F}.Release|Any CPU.Build.0 = Release|Any CPU
	EndGlobalSection
	GlobalSection(SolutionProperties) = preSolution
		HideSolutionNode = FALSE
	EndGlobalSection
EndGlobal
