
Microsoft Visual Studio Solution File, Format Version 10.00
# Visual Studio 2008
Project("{FAE04EC0-301F-11D3-BF4B-00C04F79EFBC}") = "MVCTestLogin", "MVCTestLogin\MVCTestLogin.csproj", "{0B900C85-53F9-45C9-B084-94733C6F4D12}"
EndProject
Global
	GlobalSection(SolutionConfigurationPlatforms) = preSolution
		Debug|Any CPU = Debug|Any CPU
		Release|Any CPU = Release|Any CPU
	EndGlobalSection
	GlobalSection(ProjectConfigurationPlatforms) = postSolution
		{0B900C85-53F9-45C9-B084-94733C6F4D12}.Debug|Any CPU.ActiveCfg = Debug|Any CPU
		{0B900C85-53F9-45C9-B084-94733C6F4D12}.Debug|Any CPU.Build.0 = Debug|Any CPU
		{0B900C85-53F9-45C9-B084-94733C6F4D12}.Release|Any CPU.ActiveCfg = Release|Any CPU
		{0B900C85-53F9-45C9-B084-94733C6F4D12}.Release|Any CPU.Build.0 = Release|Any CPU
	EndGlobalSection
	GlobalSection(SolutionProperties) = preSolution
		HideSolutionNode = FALSE
	EndGlobalSection
EndGlobal
