
Microsoft Visual Studio Solution File, Format Version 10.00
# Visual C# Express 2008
Project("{FAE04EC0-301F-11D3-BF4B-00C04F79EFBC}") = "PaoPaoTang", "PaoPaoTang.csproj", "{F9CA47A1-D9FC-411A-8A76-E09B1BCB739E}"
EndProject
Global
	GlobalSection(SolutionConfigurationPlatforms) = preSolution
		Debug|x86 = Debug|x86
		Release|x86 = Release|x86
	EndGlobalSection
	GlobalSection(ProjectConfigurationPlatforms) = postSolution
		{F9CA47A1-D9FC-411A-8A76-E09B1BCB739E}.Debug|x86.ActiveCfg = Debug|x86
		{F9CA47A1-D9FC-411A-8A76-E09B1BCB739E}.Debug|x86.Build.0 = Debug|x86
		{F9CA47A1-D9FC-411A-8A76-E09B1BCB739E}.Release|x86.ActiveCfg = Release|x86
		{F9CA47A1-D9FC-411A-8A76-E09B1BCB739E}.Release|x86.Build.0 = Release|x86
	EndGlobalSection
	GlobalSection(SolutionProperties) = preSolution
		HideSolutionNode = FALSE
	EndGlobalSection
EndGlobal
